github.com/deadsy/rvda v0.0.0-20230629010427-83726ee22ad9 h1:zrUuAZgRrbO1/b9ydFNuUn0cvjh+lvahtoNrtP8LWYo=
github.com/deadsy/rvda v0.0.0-20230629010427-83726ee22ad9/go.mod h1:EecNoJBjWzKinRP/24Y+F+OwsVRH3dVeE384RhWADpw=
golang.org/x/sys v0.33.0 h1:q3i8TbbEz+JRD9ywIRlyRAQbM0qF7hu24q3teo2hbuw=
golang.org/x/sys v0.33.0/go.mod h1:BJP2sWEmIv4KK5OTEluFJCKSidICx8ciO85XgH3Ak8k=
golang.org/x/term v0.32.0 h1:DR4lr0TjUs3epypdhTOkMmuF5CDFJ/8pOnbzMZPQ7bg=
golang.org/x/term v0.32.0/go.mod h1:uZG1FhGx848Sqfsq4/DlJr3xGGsYMu/L5GW4abiaEPQ=
